{
  "name": "claude-memory",
  "version": "1.0.0",
  "lockfileVersion": 3,
  "requires": true,
  "packages": {
    "": {
      "name": "claude-memory",
      "version": "1.0.0",
      "license": "MIT",
      "dependencies": {
        "@anthropic-ai/sdk": "^0.80.0",
        "uuid": "^11.0.0"
      },
      "bin": {
        "claude-memory": "bin/claude-memory"
      },
      "devDependencies": {
        "@types/node": "^24.0.0",
        "@types/uuid": "^10.0.0",
        "typescript": "^5.8.3"
      }
    },
    "node_modules/@anthropic-ai/sdk": {
      "version": "0.80.0",
      "resolved": "https://registry.npmjs.org/@anthropic-ai/sdk/-/sdk-0.80.0.tgz",
      "integrity": "sha512-WeXLn7zNVk3yjeshn+xZHvld6AoFUOR3Sep6pSoHho5YbSi6HwcirqgPA5ccFuW8QTVJAAU7N8uQQC6Wa9TG+g==",
      "license": "MIT",
      "dependencies": {
        "json-schema-to-ts": "^3.1.1"
      },
      "bin": {
        "anthropic-ai-sdk": "bin/cli"
      },
      "peerDependencies": {
        "zod": "^3.25.0 || ^4.0.0"
      },
      "peerDependenciesMeta": {
        "zod": {
          "optional": true
        }
      }
    },
    "node_modules/@babel/runtime": {
      "version": "7.29.2",
      "resolved": "https://registry.npmjs.org/@babel/runtime/-/runtime-7.29.2.tgz",
      "integrity": "sha512-JiDShH45zKHWyGe4ZNVRrCjBz8Nh9TMmZG1kh4QTK8hCBTWBi8Da+i7s1fJw7/lYpM4ccepSNfqzZ/QvABBi5g==",
      "license": "MIT",
      "engines": {
        "node": ">=6.9.0"
      }
    },
    "node_modules/@types/node": {
      "version": "24.12.0",
      "resolved": "https://registry.npmjs.org/@types/node/-/node-24.12.0.tgz",
      "integrity": "sha512-GYDxsZi3ChgmckRT9HPU0WEhKLP08ev/Yfcq2AstjrDASOYCSXeyjDsHg4v5t4jOj7cyDX3vmprafKlWIG9MXQ==",
      "dev": true,
      "license": "MIT",
      "dependencies": {
        "undici-types": "~7.16.0"
      }
    },
    "node_modules/@types/uuid": {
      "version": "10.0.0",
      "resolved": "https://registry.npmjs.org/@types/uuid/-/uuid-10.0.0.tgz",
      "integrity": "sha512-7gqG38EyHgyP1S+7+xomFtL+ZNHcKv6DwNaCZmJmo1vgMugyF3TCnXVg4t1uk89mLNwnLtnY3TpOpCOyp1/xHQ==",
      "dev": true,
      "license": "MIT"
    },
    "node_modules/json-schema-to-ts": {
      "version": "3.1.1",
      "resolved": "https://registry.npmjs.org/json-schema-to-ts/-/json-schema-to-ts-3.1.1.tgz",
      "integrity": "sha512-+DWg8jCJG2TEnpy7kOm/7/AxaYoaRbjVB4LFZLySZlWn8exGs3A4OLJR966cVvU26N7X9TWxl+Jsw7dzAqKT6g==",
      "license": "MIT",
      "dependencies": {
        "@babel/runtime": "^7.18.3",
        "ts-algebra": "^2.0.0"
      },
      "engines": {
        "node": ">=16"
      }
    },
    "node_modules/ts-algebra": {
      "version": "2.0.0",
      "resolved": "https://registry.npmjs.org/ts-algebra/-/ts-algebra-2.0.0.tgz",
      "integrity": "sha512-FPAhNPFMrkwz76P7cdjdmiShwMynZYN6SgOujD1urY4oNm80Ou9oMdmbR45LotcKOXoy7wSmHkRFE6Mxbrhefw==",
      "license": "MIT"
    },
    "node_modules/typescript": {
      "version": "5.9.3",
      "resolved": "https://registry.npmjs.org/typescript/-/typescript-5.9.3.tgz",
      "integrity": "sha512-jl1vZzPDinLr9eUt3J/t7V6FgNEw9QjvBPdysz9KfQDD41fQrC2Y4vKQdiaUpFT4bXlb1RHhLpp8wtm6M5TgSw==",
      "dev": true,
      "license": "Apache-2.0",
      "bin": {
        "tsc": "bin/tsc",
        "tsserver": "bin/tsserver"
      },
      "engines": {
        "node": ">=14.17"
      }
    },
    "node_modules/undici-types": {
      "version": "7.16.0",
      "resolved": "https://registry.npmjs.org/undici-types/-/undici-types-7.16.0.tgz",
      "integrity": "sha512-Zz+aZWSj8LE6zoxD+xrjh4VfkIG8Ya6LvYkZqtUQGJPZjYl53ypCaUwWqo7eI0x66KBGeRo+mlBEkMSeSZ38Nw==",
      "dev": true,
      "license": "MIT"
    },
    "node_modules/uuid": {
      "version": "11.1.0",
      "resolved": "https://registry.npmjs.org/uuid/-/uuid-11.1.0.tgz",
      "integrity": "sha512-0/A9rDy9P7cJ+8w1c9WD9V//9Wj15Ce2MPz8Ri6032usz+NfePxx5AcN3bN+r6ZL6jEo066/yNYB3tn4pQEx+A==",
      "funding": [
        "https://github.com/sponsors/broofa",
        "https://github.com/sponsors/ctavan"
      ],
      "license": "MIT",
      "bin": {
        "uuid": "dist/esm/bin/uuid"
      }
    }
  }
}
